
Microsoft Visual Studio Solution File, Format Version 12.00
# Visual Studio Version 16
VisualStudioVersion = 16.0.30517.126
MinimumVisualStudioVersion = 10.0.40219.1
Project("{9A19103F-16F7-4668-BE54-9A1E7A4F7556}") = "1.Actions.ConsoleApp", "1.Action.ConsoleApp\1.Actions.ConsoleApp.csproj", "{29ECDD32-852A-45BF-A38F-CDF9045F548C}"
EndProject
Project("{FAE04EC0-301F-11D3-BF4B-00C04F79EFBC}") = "2.Funcs.ConsoleApp", "2.Funcs\2.Funcs.ConsoleApp.csproj", "{85948B24-017B-4170-9476-DC012E4D9EDD}"
EndProject
Project("{FAE04EC0-301F-11D3-BF4B-00C04F79EFBC}") = "3.Predicates.ConsoleApp", "3.Predicate.ConsoleApp\3.Predicates.ConsoleApp.csproj", "{1F92F859-41DB-4F28-BF63-552B1A909688}"
EndProject
Project("{FAE04EC0-301F-11D3-BF4B-00C04F79EFBC}") = "4.CustomDelegates.ConsoleApp", "4.CustomDelegates.ConsoleApp\4.CustomDelegates.ConsoleApp.csproj", "{5C875702-609C-4C1E-A061-8D9A637F0B2B}"
EndProject
Project("{FAE04EC0-301F-11D3-BF4B-00C04F79EFBC}") = "5.CustomDelegatesWithEvents.ConsoleApp", "5.CustomDelegatesWithEvents.ConsoleApp\5.CustomDelegatesWithEvents.ConsoleApp.csproj", "{9C06265D-B402-4644-9804-1F78137FAA96}"
EndProject
Global
	GlobalSection(SolutionConfigurationPlatforms) = preSolution
		Debug|Any CPU = Debug|Any CPU
		Release|Any CPU = Release|Any CPU
	EndGlobalSection
	GlobalSection(ProjectConfigurationPlatforms) = postSolution
		{29ECDD32-852A-45BF-A38F-CDF9045F548C}.Debug|Any CPU.ActiveCfg = Debug|Any CPU
		{29ECDD32-852A-45BF-A38F-CDF9045F548C}.Debug|Any CPU.Build.0 = Debug|Any CPU
		{29ECDD32-852A-45BF-A38F-CDF9045F548C}.Release|Any CPU.ActiveCfg = Release|Any CPU
		{29ECDD32-852A-45BF-A38F-CDF9045F548C}.Release|Any CPU.Build.0 = Release|Any CPU
		{85948B24-017B-4170-9476-DC012E4D9EDD}.Debug|Any CPU.ActiveCfg = Debug|Any CPU
		{85948B24-017B-4170-9476-DC012E4D9EDD}.Debug|Any CPU.Build.0 = Debug|Any CPU
		{85948B24-017B-4170-9476-DC012E4D9EDD}.Release|Any CPU.ActiveCfg = Release|Any CPU
		{85948B24-017B-4170-9476-DC012E4D9EDD}.Release|Any CPU.Build.0 = Release|Any CPU
		{1F92F859-41DB-4F28-BF63-552B1A909688}.Debug|Any CPU.ActiveCfg = Debug|Any CPU
		{1F92F859-41DB-4F28-BF63-552B1A909688}.Debug|Any CPU.Build.0 = Debug|Any CPU
		{1F92F859-41DB-4F28-BF63-552B1A909688}.Release|Any CPU.ActiveCfg = Release|Any CPU
		{1F92F859-41DB-4F28-BF63-552B1A909688}.Release|Any CPU.Build.0 = Release|Any CPU
		{5C875702-609C-4C1E-A061-8D9A637F0B2B}.Debug|Any CPU.ActiveCfg = Debug|Any CPU
		{5C875702-609C-4C1E-A061-8D9A637F0B2B}.Debug|Any CPU.Build.0 = Debug|Any CPU
		{5C875702-609C-4C1E-A061-8D9A637F0B2B}.Release|Any CPU.ActiveCfg = Release|Any CPU
		{5C875702-609C-4C1E-A061-8D9A637F0B2B}.Release|Any CPU.Build.0 = Release|Any CPU
		{9C06265D-B402-4644-9804-1F78137FAA96}.Debug|Any CPU.ActiveCfg = Debug|Any CPU
		{9C06265D-B402-4644-9804-1F78137FAA96}.Debug|Any CPU.Build.0 = Debug|Any CPU
		{9C06265D-B402-4644-9804-1F78137FAA96}.Release|Any CPU.ActiveCfg = Release|Any CPU
		{9C06265D-B402-4644-9804-1F78137FAA96}.Release|Any CPU.Build.0 = Release|Any CPU
	EndGlobalSection
	GlobalSection(SolutionProperties) = preSolution
		HideSolutionNode = FALSE
	EndGlobalSection
	GlobalSection(ExtensibilityGlobals) = postSolution
		SolutionGuid = {BC1A3536-E5B2-48CD-8711-A59B84162D02}
	EndGlobalSection
EndGlobal
